github.com/google/go-cmp v0.3.0 h1:crn/baboCvb5fXaQ0IJ1SGTsTVrWpDsCWC8EGETZijY=
github.com/google/go-cmp v0.3.0/go.mod h1:8QqcDgzrUqlUb/G2PQTWiueGozuR1884gddMywk6iLU=
github.com/qclaogui/kvdb v0.1.2 h1:FsYtq1fFV9pp51xJTlrcGDffleN0vnjxqYe2ozHQeZw=
github.com/qclaogui/kvdb v0.1.2/go.mod h1:MNIpz+qOTrymDdDyTswZ6iKb2rRbnGOKcrZhHuDSgDY=
github.com/samuel/go-zookeeper v0.0.0-20180130194729-c4fab1ac1bec h1:6ncX5ko6B9LntYM0YBRXkiSaZMmLYeZ/NWcmeB43mMY=
github.com/samuel/go-zookeeper v0.0.0-20180130194729-c4fab1ac1bec/go.mod h1:gi+0XIa01GRL2eRQVjQkKGqKF3SF9vZR/HnPullcV2E=
